
Microsoft Visual Studio Solution File, Format Version 12.00
# Visual Studio Version 17
VisualStudioVersion = 17.8.34525.116
MinimumVisualStudioVersion = 10.0.40219.1
Project("{FAE04EC0-301F-11D3-BF4B-00C04F79EFBC}") = "LaboratorioAppweb", "LaboratorioAppweb\LaboratorioAppweb.csproj", "{1FD84E45-44E4-4C83-81EC-761AB749AA7A}"
EndProject
Project("{FAE04EC0-301F-11D3-BF4B-00C04F79EFBC}") = "Entidades", "Entidades\Entidades.csproj", "{D342AEE5-64F9-473E-AC01-213AF5A46E07}"
EndProject
Global
	GlobalSection(SolutionConfigurationPlatforms) = preSolution
		Debug|Any CPU = Debug|Any CPU
		Release|Any CPU = Release|Any CPU
	EndGlobalSection
	GlobalSection(ProjectConfigurationPlatforms) = postSolution
		{1FD84E45-44E4-4C83-81EC-761AB749AA7A}.Debug|Any CPU.ActiveCfg = Debug|Any CPU
		{1FD84E45-44E4-4C83-81EC-761AB749AA7A}.Debug|Any CPU.Build.0 = Debug|Any CPU
		{1FD84E45-44E4-4C83-81EC-761AB749AA7A}.Release|Any CPU.ActiveCfg = Release|Any CPU
		{1FD84E45-44E4-4C83-81EC-761AB749AA7A}.Release|Any CPU.Build.0 = Release|Any CPU
		{D342AEE5-64F9-473E-AC01-213AF5A46E07}.Debug|Any CPU.ActiveCfg = Debug|Any CPU
		{D342AEE5-64F9-473E-AC01-213AF5A46E07}.Debug|Any CPU.Build.0 = Debug|Any CPU
		{D342AEE5-64F9-473E-AC01-213AF5A46E07}.Release|Any CPU.ActiveCfg = Release|Any CPU
		{D342AEE5-64F9-473E-AC01-213AF5A46E07}.Release|Any CPU.Build.0 = Release|Any CPU
	EndGlobalSection
	GlobalSection(SolutionProperties) = preSolution
		HideSolutionNode = FALSE
	EndGlobalSection
	GlobalSection(ExtensibilityGlobals) = postSolution
		SolutionGuid = {B11E0C59-0AFA-4F09-989F-CE281C8F755D}
	EndGlobalSection
EndGlobal
